# generated by rye
# use `rye lock` or `rye sync` to update this lockfile
#
# last locked with the following flags:
#   pre: false
#   features: []
#   all-features: false

--trusted-host pypi.org
-e file:.
colorama==0.4.6
idna==3.4
loguru==0.7.2
multidict==6.0.4
nonebot2==2.1.1
pydantic==1.10.13
pygtrie==2.5.0
python-dotenv==1.0.0
typing-extensions==4.8.0
win32-setctime==1.1.0
yarl==1.9.2
